
Microsoft Visual Studio Solution File, Format Version 12.00
# Visual Studio Version 17
VisualStudioVersion = 17.4.33403.182
MinimumVisualStudioVersion = 10.0.40219.1
Project("{FAE04EC0-301F-11D3-BF4B-00C04F79EFBC}") = "DeathtrapDungeonAPIver1", "DeathtrapDungeonAPIver1\DeathtrapDungeonAPIver1.csproj", "{575ABBF8-3052-42AB-AB82-D78D86061292}"
EndProject
Global
	GlobalSection(SolutionConfigurationPlatforms) = preSolution
		Debug|Any CPU = Debug|Any CPU
		Release|Any CPU = Release|Any CPU
	EndGlobalSection
	GlobalSection(ProjectConfigurationPlatforms) = postSolution
		{575ABBF8-3052-42AB-AB82-D78D86061292}.Debug|Any CPU.ActiveCfg = Debug|Any CPU
		{575ABBF8-3052-42AB-AB82-D78D86061292}.Debug|Any CPU.Build.0 = Debug|Any CPU
		{575ABBF8-3052-42AB-AB82-D78D86061292}.Release|Any CPU.ActiveCfg = Release|Any CPU
		{575ABBF8-3052-42AB-AB82-D78D86061292}.Release|Any CPU.Build.0 = Release|Any CPU
	EndGlobalSection
	GlobalSection(SolutionProperties) = preSolution
		HideSolutionNode = FALSE
	EndGlobalSection
	GlobalSection(ExtensibilityGlobals) = postSolution
		SolutionGuid = {C03FCBAC-38DD-4900-8C81-195145DA9B92}
	EndGlobalSection
EndGlobal
